// !$*UTF8*$!
{
	archiveVersion = 1;
	classes = {
	};
	objectVersion = 46;
	objects = {

/* Begin PBXBuildFile section */
		300437331F9D749000528643 /* LaunchScreen.storyboard in Resources */ = {isa = PBXBuildFile; fileRef = 3004372F1F9D749000528643 /* LaunchScreen.storyboard */; };
		300437341F9D749000528643 /* Main.storyboard in Resources */ = {isa = PBXBuildFile; fileRef = 300437311F9D749000528643 /* Main.storyboard */; };
		3021AA3A1F8A8789008F62D6 /* AppDelegate.swift in Sources */ = {isa = PBXBuildFile; fileRef = 3021AA391F8A8789008F62D6 /* AppDelegate.swift */; };
		3021AA3C1F8A8789008F62D6 /* ToReadTableViewController.swift in Sources */ = {isa = PBXBuildFile; fileRef = 3021AA3B1F8A8789008F62D6 /* ToReadTableViewController.swift */; };
		3021AA421F8A8789008F62D6 /* BookTracker.xcdatamodeld in Sources */ = {isa = PBXBuildFile; fileRef = 3021AA401F8A8789008F62D6 /* BookTracker.xcdatamodeld */; };
		3021AA441F8A8789008F62D6 /* Assets.xcassets in Resources */ = {isa = PBXBuildFile; fileRef = 3021AA431F8A8789008F62D6 /* Assets.xcassets */; };
		3021AA531F8A890E008F62D6 /* CoreDataStack.swift in Sources */ = {isa = PBXBuildFile; fileRef = 3021AA521F8A890E008F62D6 /* CoreDataStack.swift */; };
		3021AA551F8A8954008F62D6 /* GoogleBooksClient.swift in Sources */ = {isa = PBXBuildFile; fileRef = 3021AA541F8A8954008F62D6 /* GoogleBooksClient.swift */; };
		3021AA571F8A8A25008F62D6 /* GoogleBook.swift in Sources */ = {isa = PBXBuildFile; fileRef = 3021AA561F8A8A25008F62D6 /* GoogleBook.swift */; };
		3021AA631F8A8C49008F62D6 /* ReadingTableViewController.swift in Sources */ = {isa = PBXBuildFile; fileRef = 3021AA621F8A8C49008F62D6 /* ReadingTableViewController.swift */; };
		3021AA651F8A8C9E008F62D6 /* FinishedTableViewController.swift in Sources */ = {isa = PBXBuildFile; fileRef = 3021AA641F8A8C9E008F62D6 /* FinishedTableViewController.swift */; };
		3021AA671F8A8CC4008F62D6 /* BookTableViewCell.swift in Sources */ = {isa = PBXBuildFile; fileRef = 3021AA661F8A8CC4008F62D6 /* BookTableViewCell.swift */; };
		3021AA691F8A8CE6008F62D6 /* BookDetailViewController.swift in Sources */ = {isa = PBXBuildFile; fileRef = 3021AA681F8A8CE6008F62D6 /* BookDetailViewController.swift */; };
		3021AA6B1F8A8D3A008F62D6 /* SearchBooksTableViewController.swift in Sources */ = {isa = PBXBuildFile; fileRef = 3021AA6A1F8A8D3A008F62D6 /* SearchBooksTableViewController.swift */; };
		3072B3681F958F13001DB5A7 /* HexColor.swift in Sources */ = {isa = PBXBuildFile; fileRef = 3072B3671F958F13001DB5A7 /* HexColor.swift */; };
		307B1C791FB69CFE00D9D342 /* OnboardingViewController.swift in Sources */ = {isa = PBXBuildFile; fileRef = 307B1C781FB69CFE00D9D342 /* OnboardingViewController.swift */; };
		30AA73E81FAD44AB00EF4034 /* RatingControl.swift in Sources */ = {isa = PBXBuildFile; fileRef = 30AA73E71FAD44AB00EF4034 /* RatingControl.swift */; };
		30AA73EB1FAD60B400EF4034 /* Book+CoreDataClass.swift in Sources */ = {isa = PBXBuildFile; fileRef = 30AA73E91FAD60B400EF4034 /* Book+CoreDataClass.swift */; };
		30AA73EC1FAD60B400EF4034 /* Book+CoreDataProperties.swift in Sources */ = {isa = PBXBuildFile; fileRef = 30AA73EA1FAD60B400EF4034 /* Book+CoreDataProperties.swift */; };
		30DDF13A1F8EEE46007DAB31 /* Alert.swift in Sources */ = {isa = PBXBuildFile; fileRef = 30DDF1391F8EEE46007DAB31 /* Alert.swift */; };
		667C23B28A8F293A97009AF6 /* Pods_BookTracker.framework in Frameworks */ = {isa = PBXBuildFile; fileRef = F3ED7C0380F430E35BCC5C12 /* Pods_BookTracker.framework */; };
/* End PBXBuildFile section */

/* Begin PBXFileReference section */
		300437301F9D749000528643 /* Base */ = {isa = PBXFileReference; lastKnownFileType = file.storyboard; name = Base; path = Base.lproj/LaunchScreen.storyboard; sourceTree = "<group>"; };
		300437321F9D749000528643 /* Base */ = {isa = PBXFileReference; lastKnownFileType = file.storyboard; name = Base; path = Base.lproj/Main.storyboard; sourceTree = "<group>"; };
		3021AA361F8A8789008F62D6 /* BookTracker.app */ = {isa = PBXFileReference; explicitFileType = wrapper.application; includeInIndex = 0; path = BookTracker.app; sourceTree = BUILT_PRODUCTS_DIR; };
		3021AA391F8A8789008F62D6 /* AppDelegate.swift */ = {isa = PBXFileReference; lastKnownFileType = sourcecode.swift; path = AppDelegate.swift; sourceTree = "<group>"; };
		3021AA3B1F8A8789008F62D6 /* ToReadTableViewController.swift */ = {isa = PBXFileReference; lastKnownFileType = sourcecode.swift; path = ToReadTableViewController.swift; sourceTree = "<group>"; };
		3021AA411F8A8789008F62D6 /* BookTracker.xcdatamodel */ = {isa = PBXFileReference; lastKnownFileType = wrapper.xcdatamodel; path = BookTracker.xcdatamodel; sourceTree = "<group>"; };
		3021AA431F8A8789008F62D6 /* Assets.xcassets */ = {isa = PBXFileReference; lastKnownFileType = folder.assetcatalog; path = Assets.xcassets; sourceTree = "<group>"; };
		3021AA481F8A8789008F62D6 /* Info.plist */ = {isa = PBXFileReference; lastKnownFileType = text.plist.xml; path = Info.plist; sourceTree = "<group>"; };
		3021AA521F8A890E008F62D6 /* CoreDataStack.swift */ = {isa = PBXFileReference; fileEncoding = 4; lastKnownFileType = sourcecode.swift; path = CoreDataStack.swift; sourceTree = "<group>"; };
		3021AA541F8A8954008F62D6 /* GoogleBooksClient.swift */ = {isa = PBXFileReference; fileEncoding = 4; lastKnownFileType = sourcecode.swift; path = GoogleBooksClient.swift; sourceTree = "<group>"; };
		3021AA561F8A8A25008F62D6 /* GoogleBook.swift */ = {isa = PBXFileReference; fileEncoding = 4; lastKnownFileType = sourcecode.swift; path = GoogleBook.swift; sourceTree = "<group>"; };
		3021AA621F8A8C49008F62D6 /* ReadingTableViewController.swift */ = {isa = PBXFileReference; fileEncoding = 4; lastKnownFileType = sourcecode.swift; path = ReadingTableViewController.swift; sourceTree = "<group>"; };
		3021AA641F8A8C9E008F62D6 /* FinishedTableViewController.swift */ = {isa = PBXFileReference; fileEncoding = 4; lastKnownFileType = sourcecode.swift; path = FinishedTableViewController.swift; sourceTree = "<group>"; };
		3021AA661F8A8CC4008F62D6 /* BookTableViewCell.swift */ = {isa = PBXFileReference; fileEncoding = 4; lastKnownFileType = sourcecode.swift; path = BookTableViewCell.swift; sourceTree = "<group>"; };
		3021AA681F8A8CE6008F62D6 /* BookDetailViewController.swift */ = {isa = PBXFileReference; fileEncoding = 4; lastKnownFileType = sourcecode.swift; path = BookDetailViewController.swift; sourceTree = "<group>"; };
		3021AA6A1F8A8D3A008F62D6 /* SearchBooksTableViewController.swift */ = {isa = PBXFileReference; fileEncoding = 4; lastKnownFileType = sourcecode.swift; path = SearchBooksTableViewController.swift; sourceTree = "<group>"; };
		3072B3671F958F13001DB5A7 /* HexColor.swift */ = {isa = PBXFileReference; fileEncoding = 4; lastKnownFileType = sourcecode.swift; path = HexColor.swift; sourceTree = "<group>"; };
		307B1C781FB69CFE00D9D342 /* OnboardingViewController.swift */ = {isa = PBXFileReference; lastKnownFileType = sourcecode.swift; path = OnboardingViewController.swift; sourceTree = "<group>"; };
		30AA73E71FAD44AB00EF4034 /* RatingControl.swift */ = {isa = PBXFileReference; lastKnownFileType = sourcecode.swift; path = RatingControl.swift; sourceTree = "<group>"; };
		30AA73E91FAD60B400EF4034 /* Book+CoreDataClass.swift */ = {isa = PBXFileReference; lastKnownFileType = sourcecode.swift; path = "Book+CoreDataClass.swift"; sourceTree = "<group>"; };
		30AA73EA1FAD60B400EF4034 /* Book+CoreDataProperties.swift */ = {isa = PBXFileReference; lastKnownFileType = sourcecode.swift; path = "Book+CoreDataProperties.swift"; sourceTree = "<group>"; };
		30DDF1391F8EEE46007DAB31 /* Alert.swift */ = {isa = PBXFileReference; fileEncoding = 4; lastKnownFileType = sourcecode.swift; path = Alert.swift; sourceTree = "<group>"; };
		C84C2BA254E2D444BD54DC4F /* Pods-BookTracker.release.xcconfig */ = {isa = PBXFileReference; includeInIndex = 1; lastKnownFileType = text.xcconfig; name = "Pods-BookTracker.release.xcconfig"; path = "Pods/Target Support Files/Pods-BookTracker/Pods-BookTracker.release.xcconfig"; sourceTree = "<group>"; };
		EBF34CE05087002E6DDA985D /* Pods-BookTracker.debug.xcconfig */ = {isa = PBXFileReference; includeInIndex = 1; lastKnownFileType = text.xcconfig; name = "Pods-BookTracker.debug.xcconfig"; path = "Pods/Target Support Files/Pods-BookTracker/Pods-BookTracker.debug.xcconfig"; sourceTree = "<group>"; };
		F3ED7C0380F430E35BCC5C12 /* Pods_BookTracker.framework */ = {isa = PBXFileReference; explicitFileType = wrapper.framework; includeInIndex = 0; path = Pods_BookTracker.framework; sourceTree = BUILT_PRODUCTS_DIR; };
/* End PBXFileReference section */

/* Begin PBXFrameworksBuildPhase section */
		3021AA331F8A8789008F62D6 /* Frameworks */ = {
			isa = PBXFrameworksBuildPhase;
			buildActionMask = 2147483647;
			files = (
				667C23B28A8F293A97009AF6 /* Pods_BookTracker.framework in Frameworks */,
			);
			runOnlyForDeploymentPostprocessing = 0;
		};
/* End PBXFrameworksBuildPhase section */

/* Begin PBXGroup section */
		3021AA2D1F8A8789008F62D6 = {
			isa = PBXGroup;
			children = (
				3021AA381F8A8789008F62D6 /* ReadsTracker */,
				3021AA371F8A8789008F62D6 /* Products */,
				4B8F47EFFCAC4DEA4773D6B7 /* Pods */,
				FFBF7BE4E26ECFB1BAE36AAE /* Frameworks */,
			);
			sourceTree = "<group>";
		};
		3021AA371F8A8789008F62D6 /* Products */ = {
			isa = PBXGroup;
			children = (
				3021AA361F8A8789008F62D6 /* BookTracker.app */,
			);
			name = Products;
			sourceTree = "<group>";
		};
		3021AA381F8A8789008F62D6 /* ReadsTracker */ = {
			isa = PBXGroup;
			children = (
				3021AA391F8A8789008F62D6 /* AppDelegate.swift */,
				3021AA521F8A890E008F62D6 /* CoreDataStack.swift */,
				3021AA511F8A87C1008F62D6 /* Clients */,
				3021AA4E1F8A87A9008F62D6 /* Models */,
				3021AA4F1F8A87B0008F62D6 /* Views */,
				3021AA501F8A87B6008F62D6 /* Controllers */,
				3021AA431F8A8789008F62D6 /* Assets.xcassets */,
				3021AA481F8A8789008F62D6 /* Info.plist */,
			);
			name = ReadsTracker;
			path = BookTracker;
			sourceTree = "<group>";
		};
		3021AA4E1F8A87A9008F62D6 /* Models */ = {
			isa = PBXGroup;
			children = (
				30AA73E91FAD60B400EF4034 /* Book+CoreDataClass.swift */,
				30AA73EA1FAD60B400EF4034 /* Book+CoreDataProperties.swift */,
				3021AA561F8A8A25008F62D6 /* GoogleBook.swift */,
				30DDF1391F8EEE46007DAB31 /* Alert.swift */,
				3072B3671F958F13001DB5A7 /* HexColor.swift */,
				3021AA401F8A8789008F62D6 /* BookTracker.xcdatamodeld */,
			);
			name = Models;
			sourceTree = "<group>";
		};
		3021AA4F1F8A87B0008F62D6 /* Views */ = {
			isa = PBXGroup;
			children = (
				3004372F1F9D749000528643 /* LaunchScreen.storyboard */,
				300437311F9D749000528643 /* Main.storyboard */,
				3021AA661F8A8CC4008F62D6 /* BookTableViewCell.swift */,
			);
			name = Views;
			sourceTree = "<group>";
		};
		3021AA501F8A87B6008F62D6 /* Controllers */ = {
			isa = PBXGroup;
			children = (
				3021AA3B1F8A8789008F62D6 /* ToReadTableViewController.swift */,
				3021AA621F8A8C49008F62D6 /* ReadingTableViewController.swift */,
				3021AA641F8A8C9E008F62D6 /* FinishedTableViewController.swift */,
				3021AA681F8A8CE6008F62D6 /* BookDetailViewController.swift */,
				3021AA6A1F8A8D3A008F62D6 /* SearchBooksTableViewController.swift */,
				30AA73E71FAD44AB00EF4034 /* RatingControl.swift */,
				307B1C781FB69CFE00D9D342 /* OnboardingViewController.swift */,
			);
			name = Controllers;
			sourceTree = "<group>";
		};
		3021AA511F8A87C1008F62D6 /* Clients */ = {
			isa = PBXGroup;
			children = (
				3021AA541F8A8954008F62D6 /* GoogleBooksClient.swift */,
			);
			name = Clients;
			sourceTree = "<group>";
		};
		4B8F47EFFCAC4DEA4773D6B7 /* Pods */ = {
			isa = PBXGroup;
			children = (
				EBF34CE05087002E6DDA985D /* Pods-BookTracker.debug.xcconfig */,
				C84C2BA254E2D444BD54DC4F /* Pods-BookTracker.release.xcconfig */,
			);
			name = Pods;
			sourceTree = "<group>";
		};
		FFBF7BE4E26ECFB1BAE36AAE /* Frameworks */ = {
			isa = PBXGroup;
			children = (
				F3ED7C0380F430E35BCC5C12 /* Pods_BookTracker.framework */,
			);
			name = Frameworks;
			sourceTree = "<group>";
		};
/* End PBXGroup section */

/* Begin PBXNativeTarget section */
		3021AA351F8A8789008F62D6 /* BookTracker */ = {
			isa = PBXNativeTarget;
			buildConfigurationList = 3021AA4B1F8A8789008F62D6 /* Build configuration list for PBXNativeTarget "BookTracker" */;
			buildPhases = (
				2BCD38869DD23B5F8ADC55F1 /* [CP] Check Pods Manifest.lock */,
				3021AA321F8A8789008F62D6 /* Sources */,
				3021AA331F8A8789008F62D6 /* Frameworks */,
				3021AA341F8A8789008F62D6 /* Resources */,
				771D9F3FDAE6A70F4B31C72D /* [CP] Embed Pods Frameworks */,
				5F7D7168F65DCE86FA37CA3D /* [CP] Copy Pods Resources */,
			);
			buildRules = (
			);
			dependencies = (
			);
			name = BookTracker;
			productName = BookTracker;
			productReference = 3021AA361F8A8789008F62D6 /* BookTracker.app */;
			productType = "com.apple.product-type.application";
		};
/* End PBXNativeTarget section */

/* Begin PBXProject section */
		3021AA2E1F8A8789008F62D6 /* Project object */ = {
			isa = PBXProject;
			attributes = {
				LastSwiftUpdateCheck = 0810;
				LastUpgradeCheck = 0810;
				ORGANIZATIONNAME = "Daniel McAteer";
				TargetAttributes = {
					3021AA351F8A8789008F62D6 = {
						CreatedOnToolsVersion = 8.1;
						DevelopmentTeam = 7H8FME2M4D;
						ProvisioningStyle = Automatic;
					};
				};
			};
			buildConfigurationList = 3021AA311F8A8789008F62D6 /* Build configuration list for PBXProject "ReadsTracker" */;
			compatibilityVersion = "Xcode 3.2";
			developmentRegion = English;
			hasScannedForEncodings = 0;
			knownRegions = (
				en,
				Base,
			);
			mainGroup = 3021AA2D1F8A8789008F62D6;
			productRefGroup = 3021AA371F8A8789008F62D6 /* Products */;
			projectDirPath = "";
			projectRoot = "";
			targets = (
				3021AA351F8A8789008F62D6 /* BookTracker */,
			);
		};
/* End PBXProject section */

/* Begin PBXResourcesBuildPhase section */
		3021AA341F8A8789008F62D6 /* Resources */ = {
			isa = PBXResourcesBuildPhase;
			buildActionMask = 2147483647;
			files = (
				300437341F9D749000528643 /* Main.storyboard in Resources */,
				3021AA441F8A8789008F62D6 /* Assets.xcassets in Resources */,
				300437331F9D749000528643 /* LaunchScreen.storyboard in Resources */,
			);
			runOnlyForDeploymentPostprocessing = 0;
		};
/* End PBXResourcesBuildPhase section */

/* Begin PBXShellScriptBuildPhase section */
		2BCD38869DD23B5F8ADC55F1 /* [CP] Check Pods Manifest.lock */ = {
			isa = PBXShellScriptBuildPhase;
			buildActionMask = 2147483647;
			files = (
			);
			inputPaths = (
				"${PODS_PODFILE_DIR_PATH}/Podfile.lock",
				"${PODS_ROOT}/Manifest.lock",
			);
			name = "[CP] Check Pods Manifest.lock";
			outputPaths = (
				"$(DERIVED_FILE_DIR)/Pods-BookTracker-checkManifestLockResult.txt",
			);
			runOnlyForDeploymentPostprocessing = 0;
			shellPath = /bin/sh;
			shellScript = "diff \"${PODS_PODFILE_DIR_PATH}/Podfile.lock\" \"${PODS_ROOT}/Manifest.lock\" > /dev/null\nif [ $? != 0 ] ; then\n    # print error to STDERR\n    echo \"error: The sandbox is not in sync with the Podfile.lock. Run 'pod install' or update your CocoaPods installation.\" >&2\n    exit 1\nfi\n# This output is used by Xcode 'outputs' to avoid re-running this script phase.\necho \"SUCCESS\" > \"${SCRIPT_OUTPUT_FILE_0}\"\n";
			showEnvVarsInLog = 0;
		};
		5F7D7168F65DCE86FA37CA3D /* [CP] Copy Pods Resources */ = {
			isa = PBXShellScriptBuildPhase;
			buildActionMask = 2147483647;
			files = (
			);
			inputPaths = (
			);
			name = "[CP] Copy Pods Resources";
			outputPaths = (
			);
			runOnlyForDeploymentPostprocessing = 0;
			shellPath = /bin/sh;
			shellScript = "\"${SRCROOT}/Pods/Target Support Files/Pods-BookTracker/Pods-BookTracker-resources.sh\"\n";
			showEnvVarsInLog = 0;
		};
		771D9F3FDAE6A70F4B31C72D /* [CP] Embed Pods Frameworks */ = {
			isa = PBXShellScriptBuildPhase;
			buildActionMask = 2147483647;
			files = (
			);
			inputPaths = (
				"${SRCROOT}/Pods/Target Support Files/Pods-BookTracker/Pods-BookTracker-frameworks.sh",
				"${BUILT_PRODUCTS_DIR}/SDWebImage/SDWebImage.framework",
			);
			name = "[CP] Embed Pods Frameworks";
			outputPaths = (
				"${TARGET_BUILD_DIR}/${FRAMEWORKS_FOLDER_PATH}/SDWebImage.framework",
			);
			runOnlyForDeploymentPostprocessing = 0;
			shellPath = /bin/sh;
			shellScript = "\"${SRCROOT}/Pods/Target Support Files/Pods-BookTracker/Pods-BookTracker-frameworks.sh\"\n";
			showEnvVarsInLog = 0;
		};
/* End PBXShellScriptBuildPhase section */

/* Begin PBXSourcesBuildPhase section */
		3021AA321F8A8789008F62D6 /* Sources */ = {
			isa = PBXSourcesBuildPhase;
			buildActionMask = 2147483647;
			files = (
				3021AA421F8A8789008F62D6 /* BookTracker.xcdatamodeld in Sources */,
				3021AA3C1F8A8789008F62D6 /* ToReadTableViewController.swift in Sources */,
				30AA73EC1FAD60B400EF4034 /* Book+CoreDataProperties.swift in Sources */,
				307B1C791FB69CFE00D9D342 /* OnboardingViewController.swift in Sources */,
				3021AA6B1F8A8D3A008F62D6 /* SearchBooksTableViewController.swift in Sources */,
				3021AA691F8A8CE6008F62D6 /* BookDetailViewController.swift in Sources */,
				30AA73E81FAD44AB00EF4034 /* RatingControl.swift in Sources */,
				3021AA671F8A8CC4008F62D6 /* BookTableViewCell.swift in Sources */,
				30DDF13A1F8EEE46007DAB31 /* Alert.swift in Sources */,
				30AA73EB1FAD60B400EF4034 /* Book+CoreDataClass.swift in Sources */,
				3021AA3A1F8A8789008F62D6 /* AppDelegate.swift in Sources */,
				3072B3681F958F13001DB5A7 /* HexColor.swift in Sources */,
				3021AA571F8A8A25008F62D6 /* GoogleBook.swift in Sources */,
				3021AA551F8A8954008F62D6 /* GoogleBooksClient.swift in Sources */,
				3021AA631F8A8C49008F62D6 /* ReadingTableViewController.swift in Sources */,
				3021AA531F8A890E008F62D6 /* CoreDataStack.swift in Sources */,
				3021AA651F8A8C9E008F62D6 /* FinishedTableViewController.swift in Sources */,
			);
			runOnlyForDeploymentPostprocessing = 0;
		};
/* End PBXSourcesBuildPhase section */

/* Begin PBXVariantGroup section */
		3004372F1F9D749000528643 /* LaunchScreen.storyboard */ = {
			isa = PBXVariantGroup;
			children = (
				300437301F9D749000528643 /* Base */,
			);
			name = LaunchScreen.storyboard;
			sourceTree = "<group>";
		};
		300437311F9D749000528643 /* Main.storyboard */ = {
			isa = PBXVariantGroup;
			children = (
				300437321F9D749000528643 /* Base */,
			);
			name = Main.storyboard;
			sourceTree = "<group>";
		};
/* End PBXVariantGroup section */

/* Begin XCBuildConfiguration section */
		3021AA491F8A8789008F62D6 /* Debug */ = {
			isa = XCBuildConfiguration;
			buildSettings = {
				ALWAYS_SEARCH_USER_PATHS = NO;
				CLANG_ANALYZER_NONNULL = YES;
				CLANG_CXX_LANGUAGE_STANDARD = "gnu++0x";
				CLANG_CXX_LIBRARY = "libc++";
				CLANG_ENABLE_MODULES = YES;
				CLANG_ENABLE_OBJC_ARC = YES;
				CLANG_WARN_BOOL_CONVERSION = YES;
				CLANG_WARN_CONSTANT_CONVERSION = YES;
				CLANG_WARN_DIRECT_OBJC_ISA_USAGE = YES_ERROR;
				CLANG_WARN_DOCUMENTATION_COMMENTS = YES;
				CLANG_WARN_EMPTY_BODY = YES;
				CLANG_WARN_ENUM_CONVERSION = YES;
				CLANG_WARN_INFINITE_RECURSION = YES;
				CLANG_WARN_INT_CONVERSION = YES;
				CLANG_WARN_OBJC_ROOT_CLASS = YES_ERROR;
				CLANG_WARN_SUSPICIOUS_MOVES = YES;
				CLANG_WARN_UNREACHABLE_CODE = YES;
				CLANG_WARN__DUPLICATE_METHOD_MATCH = YES;
				"CODE_SIGN_IDENTITY[sdk=iphoneos*]" = "iPhone Developer";
				COPY_PHASE_STRIP = NO;
				DEBUG_INFORMATION_FORMAT = dwarf;
				ENABLE_STRICT_OBJC_MSGSEND = YES;
				ENABLE_TESTABILITY = YES;
				GCC_C_LANGUAGE_STANDARD = gnu99;
				GCC_DYNAMIC_NO_PIC = NO;
				GCC_NO_COMMON_BLOCKS = YES;
				GCC_OPTIMIZATION_LEVEL = 0;
				GCC_PREPROCESSOR_DEFINITIONS = (
					"DEBUG=1",
					"$(inherited)",
				);
				GCC_WARN_64_TO_32_BIT_CONVERSION = YES;
				GCC_WARN_ABOUT_RETURN_TYPE = YES_ERROR;
				GCC_WARN_UNDECLARED_SELECTOR = YES;
				GCC_WARN_UNINITIALIZED_AUTOS = YES_AGGRESSIVE;
				GCC_WARN_UNUSED_FUNCTION = YES;
				GCC_WARN_UNUSED_VARIABLE = YES;
				IPHONEOS_DEPLOYMENT_TARGET = 10.1;
				MTL_ENABLE_DEBUG_INFO = YES;
				ONLY_ACTIVE_ARCH = YES;
				SDKROOT = iphoneos;
				SWIFT_ACTIVE_COMPILATION_CONDITIONS = DEBUG;
				SWIFT_OPTIMIZATION_LEVEL = "-Onone";
				TARGETED_DEVICE_FAMILY = "1,2";
			};
			name = Debug;
		};
		3021AA4A1F8A8789008F62D6 /* Release */ = {
			isa = XCBuildConfiguration;
			buildSettings = {
				ALWAYS_SEARCH_USER_PATHS = NO;
				CLANG_ANALYZER_NONNULL = YES;
				CLANG_CXX_LANGUAGE_STANDARD = "gnu++0x";
				CLANG_CXX_LIBRARY = "libc++";
				CLANG_ENABLE_MODULES = YES;
				CLANG_ENABLE_OBJC_ARC = YES;
				CLANG_WARN_BOOL_CONVERSION = YES;
				CLANG_WARN_CONSTANT_CONVERSION = YES;
				CLANG_WARN_DIRECT_OBJC_ISA_USAGE = YES_ERROR;
				CLANG_WARN_DOCUMENTATION_COMMENTS = YES;
				CLANG_WARN_EMPTY_BODY = YES;
				CLANG_WARN_ENUM_CONVERSION = YES;
				CLANG_WARN_INFINITE_RECURSION = YES;
				CLANG_WARN_INT_CONVERSION = YES;
				CLANG_WARN_OBJC_ROOT_CLASS = YES_ERROR;
				CLANG_WARN_SUSPICIOUS_MOVES = YES;
				CLANG_WARN_UNREACHABLE_CODE = YES;
				CLANG_WARN__DUPLICATE_METHOD_MATCH = YES;
				"CODE_SIGN_IDENTITY[sdk=iphoneos*]" = "iPhone Developer";
				COPY_PHASE_STRIP = NO;
				DEBUG_INFORMATION_FORMAT = "dwarf-with-dsym";
				ENABLE_NS_ASSERTIONS = NO;
				ENABLE_STRICT_OBJC_MSGSEND = YES;
				GCC_C_LANGUAGE_STANDARD = gnu99;
				GCC_NO_COMMON_BLOCKS = YES;
				GCC_WARN_64_TO_32_BIT_CONVERSION = YES;
				GCC_WARN_ABOUT_RETURN_TYPE = YES_ERROR;
				GCC_WARN_UNDECLARED_SELECTOR = YES;
				GCC_WARN_UNINITIALIZED_AUTOS = YES_AGGRESSIVE;
				GCC_WARN_UNUSED_FUNCTION = YES;
				GCC_WARN_UNUSED_VARIABLE = YES;
				IPHONEOS_DEPLOYMENT_TARGET = 10.1;
				MTL_ENABLE_DEBUG_INFO = NO;
				SDKROOT = iphoneos;
				SWIFT_OPTIMIZATION_LEVEL = "-Owholemodule";
				TARGETED_DEVICE_FAMILY = "1,2";
				VALIDATE_PRODUCT = YES;
			};
			name = Release;
		};
		3021AA4C1F8A8789008F62D6 /* Debug */ = {
			isa = XCBuildConfiguration;
			baseConfigurationReference = EBF34CE05087002E6DDA985D /* Pods-BookTracker.debug.xcconfig */;
			buildSettings = {
				ASSETCATALOG_COMPILER_APPICON_NAME = AppIcon;
				"CODE_SIGN_IDENTITY[sdk=iphoneos*]" = "iPhone Developer";
				CODE_SIGN_STYLE = Automatic;
				DEVELOPMENT_TEAM = "";
				INFOPLIST_FILE = ReadsTracker/Info.plist;
				LD_RUNPATH_SEARCH_PATHS = "$(inherited) @executable_path/Frameworks";
				PRODUCT_BUNDLE_IDENTIFIER = org.theartofsmart.ReadsTracker;
				PRODUCT_NAME = BookTracker;
				PROVISIONING_PROFILE = "";
				PROVISIONING_PROFILE_SPECIFIER = "";
				SWIFT_VERSION = 3.0;
			};
			name = Debug;
		};
		3021AA4D1F8A8789008F62D6 /* Release */ = {
			isa = XCBuildConfiguration;
			baseConfigurationReference = C84C2BA254E2D444BD54DC4F /* Pods-BookTracker.release.xcconfig */;
			buildSettings = {
				ASSETCATALOG_COMPILER_APPICON_NAME = AppIcon;
				"CODE_SIGN_IDENTITY[sdk=iphoneos*]" = "iPhone Developer";
				CODE_SIGN_STYLE = Automatic;
				DEVELOPMENT_TEAM = "";
				INFOPLIST_FILE = ReadsTracker/Info.plist;
				LD_RUNPATH_SEARCH_PATHS = "$(inherited) @executable_path/Frameworks";
				PRODUCT_BUNDLE_IDENTIFIER = org.theartofsmart.ReadsTracker;
				PRODUCT_NAME = BookTracker;
				PROVISIONING_PROFILE = "";
				PROVISIONING_PROFILE_SPECIFIER = "";
				SWIFT_VERSION = 3.0;
			};
			name = Release;
		};
/* End XCBuildConfiguration section */

/* Begin XCConfigurationList section */
		3021AA311F8A8789008F62D6 /* Build configuration list for PBXProject "ReadsTracker" */ = {
			isa = XCConfigurationList;
			buildConfigurations = (
				3021AA491F8A8789008F62D6 /* Debug */,
				3021AA4A1F8A8789008F62D6 /* Release */,
			);
			defaultConfigurationIsVisible = 0;
			defaultConfigurationName = Release;
		};
		3021AA4B1F8A8789008F62D6 /* Build configuration list for PBXNativeTarget "BookTracker" */ = {
			isa = XCConfigurationList;
			buildConfigurations = (
				3021AA4C1F8A8789008F62D6 /* Debug */,
				3021AA4D1F8A8789008F62D6 /* Release */,
			);
			defaultConfigurationIsVisible = 0;
			defaultConfigurationName = Release;
		};
/* End XCConfigurationList section */

/* Begin XCVersionGroup section */
		3021AA401F8A8789008F62D6 /* BookTracker.xcdatamodeld */ = {
			isa = XCVersionGroup;
			children = (
				3021AA411F8A8789008F62D6 /* BookTracker.xcdatamodel */,
			);
			currentVersion = 3021AA411F8A8789008F62D6 /* BookTracker.xcdatamodel */;
			path = BookTracker.xcdatamodeld;
			sourceTree = "<group>";
			versionGroupType = wrapper.xcdatamodel;
		};
/* End XCVersionGroup section */
	};
	rootObject = 3021AA2E1F8A8789008F62D6 /* Project object */;
}
